
Microsoft Visual Studio Solution File, Format Version 12.00
# Visual Studio 15
VisualStudioVersion = 15.0.28010.2041
MinimumVisualStudioVersion = 10.0.40219.1
Project("{FAE04EC0-301F-11D3-BF4B-00C04F79EFBC}") = "PROCLOG", "PROCLOG\PROCLOG.csproj", "{38B99F07-D15F-4B1E-9D03-076CF55D4925}"
EndProject
Global
	GlobalSection(SolutionConfigurationPlatforms) = preSolution
		Debug|Any CPU = Debug|Any CPU
		Release|Any CPU = Release|Any CPU
	EndGlobalSection
	GlobalSection(ProjectConfigurationPlatforms) = postSolution
		{38B99F07-D15F-4B1E-9D03-076CF55D4925}.Debug|Any CPU.ActiveCfg = Debug|Any CPU
		{38B99F07-D15F-4B1E-9D03-076CF55D4925}.Debug|Any CPU.Build.0 = Debug|Any CPU
		{38B99F07-D15F-4B1E-9D03-076CF55D4925}.Release|Any CPU.ActiveCfg = Release|Any CPU
		{38B99F07-D15F-4B1E-9D03-076CF55D4925}.Release|Any CPU.Build.0 = Release|Any CPU
	EndGlobalSection
	GlobalSection(SolutionProperties) = preSolution
		HideSolutionNode = FALSE
	EndGlobalSection
	GlobalSection(ExtensibilityGlobals) = postSolution
		SolutionGuid = {21534F75-423D-419A-8926-6D466A5326B2}
	EndGlobalSection
EndGlobal
